Microsoft Visual Studio Solution File, Format Version 11.00
# Visual Studio 2008

Project("{5ED2CE1F-B70F-95DE-5202-2869A54BE338}") = "GravityLabytinth", "Assembly-CSharp.csproj", "{162265DA-1B44-1587-CB94-B55D0B376DE9}"
EndProject
Global
	GlobalSection(SolutionConfigurationPlatforms) = preSolution
		Debug|Any CPU = Debug|Any CPU
		Release|Any CPU = Release|Any CPU
	EndGlobalSection
	GlobalSection(ProjectConfigurationPlatforms) = postSolution
		{162265DA-1B44-1587-CB94-B55D0B376DE9}.Debug|Any CPU.ActiveCfg = Debug|Any CPU
		{162265DA-1B44-1587-CB94-B55D0B376DE9}.Debug|Any CPU.Build.0 = Debug|Any CPU
		{162265DA-1B44-1587-CB94-B55D0B376DE9}.Release|Any CPU.ActiveCfg = Release|Any CPU
		{162265DA-1B44-1587-CB94-B55D0B376DE9}.Release|Any CPU.Build.0 = Release|Any CPU
	EndGlobalSection
	GlobalSection(SolutionProperties) = preSolution
		HideSolutionNode = FALSE
	EndGlobalSection
	GlobalSection(MonoDevelopProperties) = preSolution
		StartupItem = Assembly-CSharp.csproj
	EndGlobalSection
EndGlobal
